# Generated by pub
# See https://dart.dev/tools/pub/glossary#lockfile
packages:
  analyzer:
    dependency: "direct main"
    description:
      name: analyzer
      url: "http://10.0.0.55:8083"
    source: hosted
    version: "0.38.2"
  args:
    dependency: transitive
    description:
      name: args
      url: "http://10.0.0.55:8083"
    source: hosted
    version: "1.5.2"
  async:
    dependency: transitive
    description:
      name: async
      url: "http://10.0.0.55:8083"
    source: hosted
    version: "2.3.0"
  boolean_selector:
    dependency: transitive
    description:
      name: boolean_selector
      url: "http://10.0.0.55:8083"
    source: hosted
    version: "1.0.5"
  build:
    dependency: "direct main"
    description:
      name: build
      url: "http://10.0.0.55:8083"
    source: hosted
    version: "1.2.0"
  build_config:
    dependency: transitive
    description:
      name: build_config
      url: "http://10.0.0.55:8083"
    source: hosted
    version: "0.4.1+1"
  build_daemon:
    dependency: transitive
    description:
      name: build_daemon
      url: "http://10.0.0.55:8083"
    source: hosted
    version: "2.1.0"
  build_resolvers:
    dependency: transitive
    description:
      name: build_resolvers
      url: "http://10.0.0.55:8083"
    source: hosted
    version: "1.0.8"
  build_runner:
    dependency: "direct dev"
    description:
      name: build_runner
      url: "http://10.0.0.55:8083"
    source: hosted
    version: "1.7.1"
  build_runner_core:
    dependency: transitive
    description:
      name: build_runner_core
      url: "http://10.0.0.55:8083"
    source: hosted
    version: "4.1.0"
  build_test:
    dependency: transitive
    description:
      name: build_test
      url: "http://10.0.0.55:8083"
    source: hosted
    version: "0.10.9"
  built_collection:
    dependency: transitive
    description:
      name: built_collection
      url: "http://10.0.0.55:8083"
    source: hosted
    version: "4.2.2"
  built_value:
    dependency: transitive
    description:
      name: built_value
      url: "http://10.0.0.55:8083"
    source: hosted
    version: "6.7.1"
  charcode:
    dependency: transitive
    description:
      name: charcode
      url: "http://10.0.0.55:8083"
    source: hosted
    version: "1.1.2"
  checked_yaml:
    dependency: transitive
    description:
      name: checked_yaml
      url: "http://10.0.0.55:8083"
    source: hosted
    version: "1.0.2"
  code_builder:
    dependency: transitive
    description:
      name: code_builder
      url: "http://10.0.0.55:8083"
    source: hosted
    version: "3.2.0"
  collection:
    dependency: transitive
    description:
      name: collection
      url: "http://10.0.0.55:8083"
    source: hosted
    version: "1.14.12"
  convert:
    dependency: transitive
    description:
      name: convert
      url: "http://10.0.0.55:8083"
    source: hosted
    version: "2.1.1"
  crypto:
    dependency: transitive
    description:
      name: crypto
      url: "http://10.0.0.55:8083"
    source: hosted
    version: "2.1.3"
  csslib:
    dependency: transitive
    description:
      name: csslib
      url: "http://10.0.0.55:8083"
    source: hosted
    version: "0.16.1"
  dart_style:
    dependency: transitive
    description:
      name: dart_style
      url: "http://10.0.0.55:8083"
    source: hosted
    version: "1.2.10"
  dio:
    dependency: "direct main"
    description:
      name: dio
      url: "http://10.0.0.55:8083"
    source: hosted
    version: "3.0.1"
  fixnum:
    dependency: transitive
    description:
      name: fixnum
      url: "http://10.0.0.55:8083"
    source: hosted
    version: "0.10.9"
  front_end:
    dependency: transitive
    description:
      name: front_end
      url: "http://10.0.0.55:8083"
    source: hosted
    version: "0.1.24"
  glob:
    dependency: transitive
    description:
      name: glob
      url: "http://10.0.0.55:8083"
    source: hosted
    version: "1.1.7"
  graphs:
    dependency: transitive
    description:
      name: graphs
      url: "http://10.0.0.55:8083"
    source: hosted
    version: "0.2.0"
  html:
    dependency: transitive
    description:
      name: html
      url: "http://10.0.0.55:8083"
    source: hosted
    version: "0.14.0+2"
  http:
    dependency: transitive
    description:
      name: http
      url: "http://10.0.0.55:8083"
    source: hosted
    version: "0.12.0+2"
  http_multi_server:
    dependency: transitive
    description:
      name: http_multi_server
      url: "http://10.0.0.55:8083"
    source: hosted
    version: "2.1.0"
  http_parser:
    dependency: transitive
    description:
      name: http_parser
      url: "http://10.0.0.55:8083"
    source: hosted
    version: "3.1.3"
  io:
    dependency: transitive
    description:
      name: io
      url: "http://10.0.0.55:8083"
    source: hosted
    version: "0.3.3"
  js:
    dependency: transitive
    description:
      name: js
      url: "http://10.0.0.55:8083"
    source: hosted
    version: "0.6.1+1"
  json_annotation:
    dependency: transitive
    description:
      name: json_annotation
      url: "http://10.0.0.55:8083"
    source: hosted
    version: "3.0.0"
  kernel:
    dependency: transitive
    description:
      name: kernel
      url: "http://10.0.0.55:8083"
    source: hosted
    version: "0.3.24"
  logging:
    dependency: transitive
    description:
      name: logging
      url: "http://10.0.0.55:8083"
    source: hosted
    version: "0.11.3+2"
  matcher:
    dependency: transitive
    description:
      name: matcher
      url: "http://10.0.0.55:8083"
    source: hosted
    version: "0.12.5"
  meta:
    dependency: transitive
    description:
      name: meta
      url: "http://10.0.0.55:8083"
    source: hosted
    version: "1.1.7"
  mime:
    dependency: transitive
    description:
      name: mime
      url: "http://10.0.0.55:8083"
    source: hosted
    version: "0.9.6+3"
  multi_server_socket:
    dependency: transitive
    description:
      name: multi_server_socket
      url: "http://10.0.0.55:8083"
    source: hosted
    version: "1.0.2"
  node_preamble:
    dependency: transitive
    description:
      name: node_preamble
      url: "http://10.0.0.55:8083"
    source: hosted
    version: "1.4.8"
  package_config:
    dependency: transitive
    description:
      name: package_config
      url: "http://10.0.0.55:8083"
    source: hosted
    version: "1.1.0"
  package_resolver:
    dependency: transitive
    description:
      name: package_resolver
      url: "http://10.0.0.55:8083"
    source: hosted
    version: "1.0.10"
  path:
    dependency: "direct main"
    description:
      name: path
      url: "http://10.0.0.55:8083"
    source: hosted
    version: "1.6.4"
  pedantic:
    dependency: transitive
    description:
      name: pedantic
      url: "http://10.0.0.55:8083"
    source: hosted
    version: "1.8.0+1"
  pool:
    dependency: transitive
    description:
      name: pool
      url: "http://10.0.0.55:8083"
    source: hosted
    version: "1.4.0"
  pub_semver:
    dependency: transitive
    description:
      name: pub_semver
      url: "http://10.0.0.55:8083"
    source: hosted
    version: "1.4.2"
  pubspec_parse:
    dependency: transitive
    description:
      name: pubspec_parse
      url: "http://10.0.0.55:8083"
    source: hosted
    version: "0.1.5"
  quiver:
    dependency: transitive
    description:
      name: quiver
      url: "http://10.0.0.55:8083"
    source: hosted
    version: "2.0.5"
  shelf:
    dependency: transitive
    description:
      name: shelf
      url: "http://10.0.0.55:8083"
    source: hosted
    version: "0.7.5"
  shelf_packages_handler:
    dependency: transitive
    description:
      name: shelf_packages_handler
      url: "http://10.0.0.55:8083"
    source: hosted
    version: "1.0.4"
  shelf_static:
    dependency: transitive
    description:
      name: shelf_static
      url: "http://10.0.0.55:8083"
    source: hosted
    version: "0.2.8"
  shelf_web_socket:
    dependency: transitive
    description:
      name: shelf_web_socket
      url: "http://10.0.0.55:8083"
    source: hosted
    version: "0.2.3"
  source_gen:
    dependency: "direct main"
    description:
      name: source_gen
      url: "http://10.0.0.55:8083"
    source: hosted
    version: "0.9.4+4"
  source_gen_test:
    dependency: "direct dev"
    description:
      name: source_gen_test
      url: "http://10.0.0.55:8083"
    source: hosted
    version: "0.1.0+5"
  source_map_stack_trace:
    dependency: transitive
    description:
      name: source_map_stack_trace
      url: "http://10.0.0.55:8083"
    source: hosted
    version: "1.1.5"
  source_maps:
    dependency: transitive
    description:
      name: source_maps
      url: "http://10.0.0.55:8083"
    source: hosted
    version: "0.10.8"
  source_span:
    dependency: transitive
    description:
      name: source_span
      url: "http://10.0.0.55:8083"
    source: hosted
    version: "1.5.5"
  stack_trace:
    dependency: transitive
    description:
      name: stack_trace
      url: "http://10.0.0.55:8083"
    source: hosted
    version: "1.9.3"
  stream_channel:
    dependency: transitive
    description:
      name: stream_channel
      url: "http://10.0.0.55:8083"
    source: hosted
    version: "2.0.0"
  stream_transform:
    dependency: transitive
    description:
      name: stream_transform
      url: "http://10.0.0.55:8083"
    source: hosted
    version: "0.0.19"
  string_scanner:
    dependency: transitive
    description:
      name: string_scanner
      url: "http://10.0.0.55:8083"
    source: hosted
    version: "1.0.5"
  term_glyph:
    dependency: transitive
    description:
      name: term_glyph
      url: "http://10.0.0.55:8083"
    source: hosted
    version: "1.1.0"
  test:
    dependency: "direct dev"
    description:
      name: test
      url: "http://10.0.0.55:8083"
    source: hosted
    version: "1.6.11"
  test_api:
    dependency: transitive
    description:
      name: test_api
      url: "http://10.0.0.55:8083"
    source: hosted
    version: "0.2.8"
  test_core:
    dependency: transitive
    description:
      name: test_core
      url: "http://10.0.0.55:8083"
    source: hosted
    version: "0.2.9+2"
  timing:
    dependency: transitive
    description:
      name: timing
      url: "http://10.0.0.55:8083"
    source: hosted
    version: "0.1.1+2"
  typed_data:
    dependency: transitive
    description:
      name: typed_data
      url: "http://10.0.0.55:8083"
    source: hosted
    version: "1.1.6"
  vm_service:
    dependency: transitive
    description:
      name: vm_service
      url: "http://10.0.0.55:8083"
    source: hosted
    version: "2.0.0"
  watcher:
    dependency: transitive
    description:
      name: watcher
      url: "http://10.0.0.55:8083"
    source: hosted
    version: "0.9.7+12"
  web_socket_channel:
    dependency: transitive
    description:
      name: web_socket_channel
      url: "http://10.0.0.55:8083"
    source: hosted
    version: "1.0.15"
  yaml:
    dependency: transitive
    description:
      name: yaml
      url: "http://10.0.0.55:8083"
    source: hosted
    version: "2.2.0"
sdks:
  dart: ">2.4.0 <3.0.0"
